
Microsoft Visual Studio Solution File, Format Version 12.00
# Visual Studio Version 17
VisualStudioVersion = 17.7.34202.233
MinimumVisualStudioVersion = 10.0.40219.1
Project("{FAE04EC0-301F-11D3-BF4B-00C04F79EFBC}") = "PacMan", "PacMan\PacMan.csproj", "{048BBB12-4D7A-4D06-A1C7-DC01F8B3FFBB}"
EndProject
Global
	GlobalSection(SolutionConfigurationPlatforms) = preSolution
		Debug|Any CPU = Debug|Any CPU
		Release|Any CPU = Release|Any CPU
	EndGlobalSection
	GlobalSection(ProjectConfigurationPlatforms) = postSolution
		{048BBB12-4D7A-4D06-A1C7-DC01F8B3FFBB}.Debug|Any CPU.ActiveCfg = Debug|Any CPU
		{048BBB12-4D7A-4D06-A1C7-DC01F8B3FFBB}.Debug|Any CPU.Build.0 = Debug|Any CPU
		{048BBB12-4D7A-4D06-A1C7-DC01F8B3FFBB}.Release|Any CPU.ActiveCfg = Release|Any CPU
		{048BBB12-4D7A-4D06-A1C7-DC01F8B3FFBB}.Release|Any CPU.Build.0 = Release|Any CPU
	EndGlobalSection
	GlobalSection(SolutionProperties) = preSolution
		HideSolutionNode = FALSE
	EndGlobalSection
	GlobalSection(ExtensibilityGlobals) = postSolution
		SolutionGuid = {9E2A52C0-E58F-42D0-B394-299E454FCE52}
	EndGlobalSection
EndGlobal
